// !$*UTF8*$!
{
 archiveVersion = 1; objectVersion = 56; objects = {
  000000000000000000000001 = {isa = PBXFileReference; lastKnownFileType = sourcecode.swift; path = AppDelegate.swift; sourceTree = "<group>";};
  000000000000000000000002 = {isa = PBXFileReference; lastKnownFileType = sourcecode.swift; path = SceneDelegate.swift; sourceTree = "<group>";};
  000000000000000000000003 = {isa = PBXFileReference; lastKnownFileType = sourcecode.swift; path = StewardViewController.swift; sourceTree = "<group>";};
  000000000000000000000004 = {isa = PBXFileReference; lastKnownFileType = text.html; path = "steward-mobile.html"; sourceTree = "<group>";};
  000000000000000000000005 = {isa = PBXFileReference; lastKnownFileType = text.plist.xml; path = Info.plist; sourceTree = "<group>";};
  000000000000000000000010 = {isa = PBXGroup; children = (000000000000000000000001,000000000000000000000002,000000000000000000000003,000000000000000000000004,000000000000000000000005); path = BNXStewardIOS; sourceTree = "<group>";};
  000000000000000000000011 = {isa = PBXGroup; children = (000000000000000000000010); sourceTree = "<group>";};
  000000000000000000000020 = {isa = PBXNativeTarget; buildConfigurationList = 000000000000000000000030; buildPhases = (000000000000000000000040,000000000000000000000041); name = BNXStewardIOS; productName = BNXStewardIOS; productType = "com.apple.product-type.application";};
  000000000000000000000021 = {isa = PBXProject; buildConfigurationList = 000000000000000000000031; compatibilityVersion = "Xcode 14.0"; mainGroup = 000000000000000000000011; targets = (000000000000000000000020);};
  000000000000000000000040 = {isa = PBXSourcesBuildPhase; files = ();};
  000000000000000000000041 = {isa = PBXResourcesBuildPhase; files = ();};
  000000000000000000000030 = {isa = XCConfigurationList; buildConfigurations = (000000000000000000000032); defaultConfigurationName = Release;};
  000000000000000000000031 = {isa = XCConfigurationList; buildConfigurations = (000000000000000000000033); defaultConfigurationName = Release;};
  000000000000000000000032 = {isa = XCBuildConfiguration; name = Release; buildSettings = {PRODUCT_BUNDLE_IDENTIFIER = "in.balajinextgen.bnxsteward"; SWIFT_VERSION = 5.0; IPHONEOS_DEPLOYMENT_TARGET = 15.0; INFOPLIST_FILE = "BNXStewardIOS/Info.plist"; TARGETED_DEVICE_FAMILY = "1,2"; PRODUCT_NAME = "$(TARGET_NAME)";};};
  000000000000000000000033 = {isa = XCBuildConfiguration; name = Release; buildSettings = {SWIFT_VERSION = 5.0; IPHONEOS_DEPLOYMENT_TARGET = 15.0;};};
 }
 rootObject = 000000000000000000000021;
}
